
Microsoft Visual Studio Solution File, Format Version 12.00
# Visual Studio Version 17
VisualStudioVersion = 17.3.32901.215
MinimumVisualStudioVersion = 10.0.40219.1
Project("{FAE04EC0-301F-11D3-BF4B-00C04F79EFBC}") = "WebApplication", "WebApplication\WebApplication.csproj", "{EBF59600-58F3-46E8-8F60-72AC9CFA5949}"
EndProject
Global
	GlobalSection(SolutionConfigurationPlatforms) = preSolution
		Debug|Any CPU = Debug|Any CPU
		Release|Any CPU = Release|Any CPU
	EndGlobalSection
	GlobalSection(ProjectConfigurationPlatforms) = postSolution
		{EBF59600-58F3-46E8-8F60-72AC9CFA5949}.Debug|Any CPU.ActiveCfg = Debug|Any CPU
		{EBF59600-58F3-46E8-8F60-72AC9CFA5949}.Debug|Any CPU.Build.0 = Debug|Any CPU
		{EBF59600-58F3-46E8-8F60-72AC9CFA5949}.Release|Any CPU.ActiveCfg = Release|Any CPU
		{EBF59600-58F3-46E8-8F60-72AC9CFA5949}.Release|Any CPU.Build.0 = Release|Any CPU
	EndGlobalSection
	GlobalSection(SolutionProperties) = preSolution
		HideSolutionNode = FALSE
	EndGlobalSection
	GlobalSection(ExtensibilityGlobals) = postSolution
		SolutionGuid = {EFDC3AB4-D7CA-4C62-A078-18A2E634C762}
	EndGlobalSection
EndGlobal
